
Microsoft Visual Studio Solution File, Format Version 11.00
# Visual Studio 2010
Project("{FAE04EC0-301F-11D3-BF4B-00C04F79EFBC}") = "Snayke", "Snayke\Snayke.csproj", "{5376BF3E-6E4A-43A9-83C5-6367F06FFBBB}"
EndProject
Global
	GlobalSection(SolutionConfigurationPlatforms) = preSolution
		Debug|x86 = Debug|x86
		Release|x86 = Release|x86
	EndGlobalSection
	GlobalSection(ProjectConfigurationPlatforms) = postSolution
		{5376BF3E-6E4A-43A9-83C5-6367F06FFBBB}.Debug|x86.ActiveCfg = Debug|x86
		{5376BF3E-6E4A-43A9-83C5-6367F06FFBBB}.Debug|x86.Build.0 = Debug|x86
		{5376BF3E-6E4A-43A9-83C5-6367F06FFBBB}.Release|x86.ActiveCfg = Release|x86
		{5376BF3E-6E4A-43A9-83C5-6367F06FFBBB}.Release|x86.Build.0 = Release|x86
	EndGlobalSection
	GlobalSection(SolutionProperties) = preSolution
		HideSolutionNode = FALSE
	EndGlobalSection
EndGlobal
